// !$*UTF8*$!
{
	archiveVersion = 1;
	classes = {
	};
	objectVersion = 46;
	objects = {

/* Begin PBXBuildFile section */
		884F7CE81EA7BC84001DFE4C /* FirstScreenViewController.swift in Sources */ = {isa = PBXBuildFile; fileRef = 884F7CE71EA7BC84001DFE4C /* FirstScreenViewController.swift */; };
		884F7CEA1EA7C7B6001DFE4C /* appicon.png in Resources */ = {isa = PBXBuildFile; fileRef = 884F7CE91EA7C7B6001DFE4C /* appicon.png */; };
		884F7CF51EA7E0F2001DFE4C /* be_like.html in Resources */ = {isa = PBXBuildFile; fileRef = 884F7CEB1EA7E0F2001DFE4C /* be_like.html */; };
		884F7CF61EA7E0F2001DFE4C /* first_day.html in Resources */ = {isa = PBXBuildFile; fileRef = 884F7CEC1EA7E0F2001DFE4C /* first_day.html */; };
		884F7CF71EA7E0F2001DFE4C /* help_child_ready.html in Resources */ = {isa = PBXBuildFile; fileRef = 884F7CED1EA7E0F2001DFE4C /* help_child_ready.html */; };
		884F7CF81EA7E0F2001DFE4C /* Immunizations.html in Resources */ = {isa = PBXBuildFile; fileRef = 884F7CEE1EA7E0F2001DFE4C /* Immunizations.html */; };
		884F7CF91EA7E0F2001DFE4C /* kinder_about.html in Resources */ = {isa = PBXBuildFile; fileRef = 884F7CEF1EA7E0F2001DFE4C /* kinder_about.html */; };
		884F7CFA1EA7E0F2001DFE4C /* know_ready.html in Resources */ = {isa = PBXBuildFile; fileRef = 884F7CF01EA7E0F2001DFE4C /* know_ready.html */; };
		884F7CFB1EA7E0F2001DFE4C /* now_next_yr.html in Resources */ = {isa = PBXBuildFile; fileRef = 884F7CF11EA7E0F2001DFE4C /* now_next_yr.html */; };
		884F7CFC1EA7E0F2001DFE4C /* readiness.html in Resources */ = {isa = PBXBuildFile; fileRef = 884F7CF21EA7E0F2001DFE4C /* readiness.html */; };
		884F7CFD1EA7E0F2001DFE4C /* starting_K.html in Resources */ = {isa = PBXBuildFile; fileRef = 884F7CF31EA7E0F2001DFE4C /* starting_K.html */; };
		884F7CFE1EA7E0F2001DFE4C /* support_education.html in Resources */ = {isa = PBXBuildFile; fileRef = 884F7CF41EA7E0F2001DFE4C /* support_education.html */; };
		884F7D001EA7ED6B001DFE4C /* car-seat-safety.html in Resources */ = {isa = PBXBuildFile; fileRef = 884F7CFF1EA7ED6B001DFE4C /* car-seat-safety.html */; };
		884F7D041EA7F9ED001DFE4C /* style.css in Resources */ = {isa = PBXBuildFile; fileRef = 884F7D031EA7F9ED001DFE4C /* style.css */; };
		88A690521E9440850071ECBF /* SubDirModel.swift in Sources */ = {isa = PBXBuildFile; fileRef = 88A690511E9440850071ECBF /* SubDirModel.swift */; };
		88A6905D1E953FB30071ECBF /* 0-3.html in Resources */ = {isa = PBXBuildFile; fileRef = 88A690531E953FB30071ECBF /* 0-3.html */; };
		88A6905E1E953FB30071ECBF /* 2-yr.html in Resources */ = {isa = PBXBuildFile; fileRef = 88A690541E953FB30071ECBF /* 2-yr.html */; };
		88A6905F1E953FB30071ECBF /* 3-6.html in Resources */ = {isa = PBXBuildFile; fileRef = 88A690551E953FB30071ECBF /* 3-6.html */; };
		88A690601E953FB30071ECBF /* 3-yr.html in Resources */ = {isa = PBXBuildFile; fileRef = 88A690561E953FB30071ECBF /* 3-yr.html */; };
		88A690611E953FB30071ECBF /* 4-yr.html in Resources */ = {isa = PBXBuildFile; fileRef = 88A690571E953FB30071ECBF /* 4-yr.html */; };
		88A690621E953FB30071ECBF /* 5-yr.html in Resources */ = {isa = PBXBuildFile; fileRef = 88A690581E953FB30071ECBF /* 5-yr.html */; };
		88A690631E953FB30071ECBF /* 6-9.html in Resources */ = {isa = PBXBuildFile; fileRef = 88A690591E953FB30071ECBF /* 6-9.html */; };
		88A690641E953FB30071ECBF /* 9-12.html in Resources */ = {isa = PBXBuildFile; fileRef = 88A6905A1E953FB30071ECBF /* 9-12.html */; };
		88A690651E953FB30071ECBF /* 12-18.html in Resources */ = {isa = PBXBuildFile; fileRef = 88A6905B1E953FB30071ECBF /* 12-18.html */; };
		88A690661E953FB30071ECBF /* disclaimer.html in Resources */ = {isa = PBXBuildFile; fileRef = 88A6905C1E953FB30071ECBF /* disclaimer.html */; };
		88A6906A1E9540DA0071ECBF /* Growth-Learning-0-18.html in Resources */ = {isa = PBXBuildFile; fileRef = 88A690671E9540DA0071ECBF /* Growth-Learning-0-18.html */; };
		88A6906B1E9540DA0071ECBF /* Growth-Learning-3-5.html in Resources */ = {isa = PBXBuildFile; fileRef = 88A690681E9540DA0071ECBF /* Growth-Learning-3-5.html */; };
		88A6906C1E9540DA0071ECBF /* Growth-Learning-18-3.html in Resources */ = {isa = PBXBuildFile; fileRef = 88A690691E9540DA0071ECBF /* Growth-Learning-18-3.html */; };
		88A6906E1E9548A00071ECBF /* SecondScreenTableViewController.swift in Sources */ = {isa = PBXBuildFile; fileRef = 88A6906D1E9548A00071ECBF /* SecondScreenTableViewController.swift */; };
		88A690751E9551F10071ECBF /* Child-Health-0-18.html in Resources */ = {isa = PBXBuildFile; fileRef = 88A6906F1E9551F10071ECBF /* Child-Health-0-18.html */; };
		88A690761E9551F10071ECBF /* Child-Health-3-5.html in Resources */ = {isa = PBXBuildFile; fileRef = 88A690701E9551F10071ECBF /* Child-Health-3-5.html */; };
		88A690771E9551F10071ECBF /* Child-Health-18-3.html in Resources */ = {isa = PBXBuildFile; fileRef = 88A690711E9551F10071ECBF /* Child-Health-18-3.html */; };
		88A690781E9551F10071ECBF /* Child-Safe-0-18.html in Resources */ = {isa = PBXBuildFile; fileRef = 88A690721E9551F10071ECBF /* Child-Safe-0-18.html */; };
		88A690791E9551F10071ECBF /* Child-Safe-3-5.html in Resources */ = {isa = PBXBuildFile; fileRef = 88A690731E9551F10071ECBF /* Child-Safe-3-5.html */; };
		88A6907A1E9551F10071ECBF /* Child-Safe-18-3.html in Resources */ = {isa = PBXBuildFile; fileRef = 88A690741E9551F10071ECBF /* Child-Safe-18-3.html */; };
		88F207ED1E8D4FF400D1C151 /* AppDelegate.swift in Sources */ = {isa = PBXBuildFile; fileRef = 88F207EC1E8D4FF400D1C151 /* AppDelegate.swift */; };
		88F207EF1E8D4FF400D1C151 /* ViewController.swift in Sources */ = {isa = PBXBuildFile; fileRef = 88F207EE1E8D4FF400D1C151 /* ViewController.swift */; };
		88F207F21E8D4FF400D1C151 /* Main.storyboard in Resources */ = {isa = PBXBuildFile; fileRef = 88F207F01E8D4FF400D1C151 /* Main.storyboard */; };
		88F207F41E8D4FF400D1C151 /* Assets.xcassets in Resources */ = {isa = PBXBuildFile; fileRef = 88F207F31E8D4FF400D1C151 /* Assets.xcassets */; };
		88F207F71E8D4FF400D1C151 /* LaunchScreen.storyboard in Resources */ = {isa = PBXBuildFile; fileRef = 88F207F51E8D4FF400D1C151 /* LaunchScreen.storyboard */; };
		88F208001E8D6E6500D1C151 /* FirstScreenTableViewController.swift in Sources */ = {isa = PBXBuildFile; fileRef = 88F207FF1E8D6E6500D1C151 /* FirstScreenTableViewController.swift */; };
		88F208021E8D6F2A00D1C151 /* SecondScreenViewController.swift in Sources */ = {isa = PBXBuildFile; fileRef = 88F208011E8D6F2A00D1C151 /* SecondScreenViewController.swift */; };
		88F208131E8D8C5100D1C151 /* about.html in Resources */ = {isa = PBXBuildFile; fileRef = 88F2080E1E8D8C5000D1C151 /* about.html */; };
		88F208141E8D8C5100D1C151 /* credits.html in Resources */ = {isa = PBXBuildFile; fileRef = 88F2080F1E8D8C5000D1C151 /* credits.html */; };
		88F208161E8D8C5100D1C151 /* Quality-Child-Care.html in Resources */ = {isa = PBXBuildFile; fileRef = 88F208111E8D8C5000D1C151 /* Quality-Child-Care.html */; };
		88F208171E8D8C5100D1C151 /* resources.html in Resources */ = {isa = PBXBuildFile; fileRef = 88F208121E8D8C5100D1C151 /* resources.html */; };
		88F2081C1E8EC87200D1C151 /* ContactSearchViewController.swift in Sources */ = {isa = PBXBuildFile; fileRef = 88F2081B1E8EC87200D1C151 /* ContactSearchViewController.swift */; };
		88F2081E1E9297D800D1C151 /* ContactModel.swift in Sources */ = {isa = PBXBuildFile; fileRef = 88F2081D1E9297D800D1C151 /* ContactModel.swift */; };
		88F208201E92CDC800D1C151 /* ContactInfoViewController.swift in Sources */ = {isa = PBXBuildFile; fileRef = 88F2081F1E92CDC800D1C151 /* ContactInfoViewController.swift */; };
/* End PBXBuildFile section */

/* Begin PBXFileReference section */
		884F7CE71EA7BC84001DFE4C /* FirstScreenViewController.swift */ = {isa = PBXFileReference; fileEncoding = 4; lastKnownFileType = sourcecode.swift; path = FirstScreenViewController.swift; sourceTree = "<group>"; };
		884F7CE91EA7C7B6001DFE4C /* appicon.png */ = {isa = PBXFileReference; lastKnownFileType = image.png; path = appicon.png; sourceTree = "<group>"; };
		884F7CEB1EA7E0F2001DFE4C /* be_like.html */ = {isa = PBXFileReference; fileEncoding = 4; lastKnownFileType = text.html; name = be_like.html; path = html/be_like.html; sourceTree = SOURCE_ROOT; };
		884F7CEC1EA7E0F2001DFE4C /* first_day.html */ = {isa = PBXFileReference; fileEncoding = 4; lastKnownFileType = text.html; name = first_day.html; path = html/first_day.html; sourceTree = SOURCE_ROOT; };
		884F7CED1EA7E0F2001DFE4C /* help_child_ready.html */ = {isa = PBXFileReference; fileEncoding = 4; lastKnownFileType = text.html; name = help_child_ready.html; path = html/help_child_ready.html; sourceTree = SOURCE_ROOT; };
		884F7CEE1EA7E0F2001DFE4C /* Immunizations.html */ = {isa = PBXFileReference; fileEncoding = 4; lastKnownFileType = text.html; name = Immunizations.html; path = html/Immunizations.html; sourceTree = SOURCE_ROOT; };
		884F7CEF1EA7E0F2001DFE4C /* kinder_about.html */ = {isa = PBXFileReference; fileEncoding = 4; lastKnownFileType = text.html; name = kinder_about.html; path = html/kinder_about.html; sourceTree = SOURCE_ROOT; };
		884F7CF01EA7E0F2001DFE4C /* know_ready.html */ = {isa = PBXFileReference; fileEncoding = 4; lastKnownFileType = text.html; name = know_ready.html; path = html/know_ready.html; sourceTree = SOURCE_ROOT; };
		884F7CF11EA7E0F2001DFE4C /* now_next_yr.html */ = {isa = PBXFileReference; fileEncoding = 4; lastKnownFileType = text.html; name = now_next_yr.html; path = html/now_next_yr.html; sourceTree = SOURCE_ROOT; };
		884F7CF21EA7E0F2001DFE4C /* readiness.html */ = {isa = PBXFileReference; fileEncoding = 4; lastKnownFileType = text.html; name = readiness.html; path = html/readiness.html; sourceTree = SOURCE_ROOT; };
		884F7CF31EA7E0F2001DFE4C /* starting_K.html */ = {isa = PBXFileReference; fileEncoding = 4; lastKnownFileType = text.html; name = starting_K.html; path = html/starting_K.html; sourceTree = SOURCE_ROOT; };
		884F7CF41EA7E0F2001DFE4C /* support_education.html */ = {isa = PBXFileReference; fileEncoding = 4; lastKnownFileType = text.html; name = support_education.html; path = html/support_education.html; sourceTree = SOURCE_ROOT; };
		884F7CFF1EA7ED6B001DFE4C /* car-seat-safety.html */ = {isa = PBXFileReference; fileEncoding = 4; lastKnownFileType = text.html; name = "car-seat-safety.html"; path = "html/car-seat-safety.html"; sourceTree = SOURCE_ROOT; };
		884F7D031EA7F9ED001DFE4C /* style.css */ = {isa = PBXFileReference; fileEncoding = 4; lastKnownFileType = text.css; path = style.css; sourceTree = "<group>"; };
		88A690511E9440850071ECBF /* SubDirModel.swift */ = {isa = PBXFileReference; fileEncoding = 4; lastKnownFileType = sourcecode.swift; path = SubDirModel.swift; sourceTree = "<group>"; };
		88A690531E953FB30071ECBF /* 0-3.html */ = {isa = PBXFileReference; fileEncoding = 4; lastKnownFileType = text.html; name = "0-3.html"; path = "../html/0-3.html"; sourceTree = "<group>"; };
		88A690541E953FB30071ECBF /* 2-yr.html */ = {isa = PBXFileReference; fileEncoding = 4; lastKnownFileType = text.html; name = "2-yr.html"; path = "../html/2-yr.html"; sourceTree = "<group>"; };
		88A690551E953FB30071ECBF /* 3-6.html */ = {isa = PBXFileReference; fileEncoding = 4; lastKnownFileType = text.html; name = "3-6.html"; path = "../html/3-6.html"; sourceTree = "<group>"; };
		88A690561E953FB30071ECBF /* 3-yr.html */ = {isa = PBXFileReference; fileEncoding = 4; lastKnownFileType = text.html; name = "3-yr.html"; path = "../html/3-yr.html"; sourceTree = "<group>"; };
		88A690571E953FB30071ECBF /* 4-yr.html */ = {isa = PBXFileReference; fileEncoding = 4; lastKnownFileType = text.html; name = "4-yr.html"; path = "../html/4-yr.html"; sourceTree = "<group>"; };
		88A690581E953FB30071ECBF /* 5-yr.html */ = {isa = PBXFileReference; fileEncoding = 4; lastKnownFileType = text.html; name = "5-yr.html"; path = "../html/5-yr.html"; sourceTree = "<group>"; };
		88A690591E953FB30071ECBF /* 6-9.html */ = {isa = PBXFileReference; fileEncoding = 4; lastKnownFileType = text.html; name = "6-9.html"; path = "../html/6-9.html"; sourceTree = "<group>"; };
		88A6905A1E953FB30071ECBF /* 9-12.html */ = {isa = PBXFileReference; fileEncoding = 4; lastKnownFileType = text.html; name = "9-12.html"; path = "../html/9-12.html"; sourceTree = "<group>"; };
		88A6905B1E953FB30071ECBF /* 12-18.html */ = {isa = PBXFileReference; fileEncoding = 4; lastKnownFileType = text.html; name = "12-18.html"; path = "../html/12-18.html"; sourceTree = "<group>"; };
		88A6905C1E953FB30071ECBF /* disclaimer.html */ = {isa = PBXFileReference; fileEncoding = 4; lastKnownFileType = text.html; name = disclaimer.html; path = ../html/disclaimer.html; sourceTree = "<group>"; };
		88A690671E9540DA0071ECBF /* Growth-Learning-0-18.html */ = {isa = PBXFileReference; fileEncoding = 4; lastKnownFileType = text.html; name = "Growth-Learning-0-18.html"; path = "html/Growth-Learning-0-18.html"; sourceTree = SOURCE_ROOT; };
		88A690681E9540DA0071ECBF /* Growth-Learning-3-5.html */ = {isa = PBXFileReference; fileEncoding = 4; lastKnownFileType = text.html; name = "Growth-Learning-3-5.html"; path = "html/Growth-Learning-3-5.html"; sourceTree = SOURCE_ROOT; };
		88A690691E9540DA0071ECBF /* Growth-Learning-18-3.html */ = {isa = PBXFileReference; fileEncoding = 4; lastKnownFileType = text.html; name = "Growth-Learning-18-3.html"; path = "html/Growth-Learning-18-3.html"; sourceTree = SOURCE_ROOT; };
		88A6906D1E9548A00071ECBF /* SecondScreenTableViewController.swift */ = {isa = PBXFileReference; fileEncoding = 4; lastKnownFileType = sourcecode.swift; path = SecondScreenTableViewController.swift; sourceTree = "<group>"; };
		88A6906F1E9551F10071ECBF /* Child-Health-0-18.html */ = {isa = PBXFileReference; fileEncoding = 4; lastKnownFileType = text.html; name = "Child-Health-0-18.html"; path = "html/Child-Health-0-18.html"; sourceTree = SOURCE_ROOT; };
		88A690701E9551F10071ECBF /* Child-Health-3-5.html */ = {isa = PBXFileReference; fileEncoding = 4; lastKnownFileType = text.html; name = "Child-Health-3-5.html"; path = "html/Child-Health-3-5.html"; sourceTree = SOURCE_ROOT; };
		88A690711E9551F10071ECBF /* Child-Health-18-3.html */ = {isa = PBXFileReference; fileEncoding = 4; lastKnownFileType = text.html; name = "Child-Health-18-3.html"; path = "html/Child-Health-18-3.html"; sourceTree = SOURCE_ROOT; };
		88A690721E9551F10071ECBF /* Child-Safe-0-18.html */ = {isa = PBXFileReference; fileEncoding = 4; lastKnownFileType = text.html; name = "Child-Safe-0-18.html"; path = "html/Child-Safe-0-18.html"; sourceTree = SOURCE_ROOT; };
		88A690731E9551F10071ECBF /* Child-Safe-3-5.html */ = {isa = PBXFileReference; fileEncoding = 4; lastKnownFileType = text.html; name = "Child-Safe-3-5.html"; path = "html/Child-Safe-3-5.html"; sourceTree = SOURCE_ROOT; };
		88A690741E9551F10071ECBF /* Child-Safe-18-3.html */ = {isa = PBXFileReference; fileEncoding = 4; lastKnownFileType = text.html; name = "Child-Safe-18-3.html"; path = "html/Child-Safe-18-3.html"; sourceTree = SOURCE_ROOT; };
		88F207E91E8D4FF400D1C151 /* StayingOnTrack.app */ = {isa = PBXFileReference; explicitFileType = wrapper.application; includeInIndex = 0; path = StayingOnTrack.app; sourceTree = BUILT_PRODUCTS_DIR; };
		88F207EC1E8D4FF400D1C151 /* AppDelegate.swift */ = {isa = PBXFileReference; lastKnownFileType = sourcecode.swift; path = AppDelegate.swift; sourceTree = "<group>"; };
		88F207EE1E8D4FF400D1C151 /* ViewController.swift */ = {isa = PBXFileReference; lastKnownFileType = sourcecode.swift; path = ViewController.swift; sourceTree = "<group>"; };
		88F207F11E8D4FF400D1C151 /* Base */ = {isa = PBXFileReference; lastKnownFileType = file.storyboard; name = Base; path = Base.lproj/Main.storyboard; sourceTree = "<group>"; };
		88F207F31E8D4FF400D1C151 /* Assets.xcassets */ = {isa = PBXFileReference; lastKnownFileType = folder.assetcatalog; path = Assets.xcassets; sourceTree = "<group>"; };
		88F207F61E8D4FF400D1C151 /* Base */ = {isa = PBXFileReference; lastKnownFileType = file.storyboard; name = Base; path = Base.lproj/LaunchScreen.storyboard; sourceTree = "<group>"; };
		88F207F81E8D4FF400D1C151 /* Info.plist */ = {isa = PBXFileReference; lastKnownFileType = text.plist.xml; path = Info.plist; sourceTree = "<group>"; };
		88F207FF1E8D6E6500D1C151 /* FirstScreenTableViewController.swift */ = {isa = PBXFileReference; fileEncoding = 4; lastKnownFileType = sourcecode.swift; path = FirstScreenTableViewController.swift; sourceTree = "<group>"; };
		88F208011E8D6F2A00D1C151 /* SecondScreenViewController.swift */ = {isa = PBXFileReference; fileEncoding = 4; lastKnownFileType = sourcecode.swift; path = SecondScreenViewController.swift; sourceTree = "<group>"; };
		88F2080E1E8D8C5000D1C151 /* about.html */ = {isa = PBXFileReference; fileEncoding = 4; lastKnownFileType = text.html; name = about.html; path = html/about.html; sourceTree = SOURCE_ROOT; };
		88F2080F1E8D8C5000D1C151 /* credits.html */ = {isa = PBXFileReference; fileEncoding = 4; lastKnownFileType = text.html; name = credits.html; path = html/credits.html; sourceTree = SOURCE_ROOT; };
		88F208111E8D8C5000D1C151 /* Quality-Child-Care.html */ = {isa = PBXFileReference; fileEncoding = 4; lastKnownFileType = text.html; name = "Quality-Child-Care.html"; path = "html/Quality-Child-Care.html"; sourceTree = SOURCE_ROOT; };
		88F208121E8D8C5100D1C151 /* resources.html */ = {isa = PBXFileReference; fileEncoding = 4; lastKnownFileType = text.html; name = resources.html; path = html/resources.html; sourceTree = SOURCE_ROOT; };
		88F2081B1E8EC87200D1C151 /* ContactSearchViewController.swift */ = {isa = PBXFileReference; fileEncoding = 4; lastKnownFileType = sourcecode.swift; path = ContactSearchViewController.swift; sourceTree = "<group>"; };
		88F2081D1E9297D800D1C151 /* ContactModel.swift */ = {isa = PBXFileReference; fileEncoding = 4; lastKnownFileType = sourcecode.swift; path = ContactModel.swift; sourceTree = "<group>"; };
		88F2081F1E92CDC800D1C151 /* ContactInfoViewController.swift */ = {isa = PBXFileReference; fileEncoding = 4; lastKnownFileType = sourcecode.swift; path = ContactInfoViewController.swift; sourceTree = "<group>"; };
/* End PBXFileReference section */

/* Begin PBXFrameworksBuildPhase section */
		88F207E61E8D4FF400D1C151 /* Frameworks */ = {
			isa = PBXFrameworksBuildPhase;
			buildActionMask = 2147483647;
			files = (
			);
			runOnlyForDeploymentPostprocessing = 0;
		};
/* End PBXFrameworksBuildPhase section */

/* Begin PBXGroup section */
		88F207E01E8D4FF400D1C151 = {
			isa = PBXGroup;
			children = (
				88F207EB1E8D4FF400D1C151 /* StayingOnTrack */,
				88F207EA1E8D4FF400D1C151 /* Products */,
			);
			sourceTree = "<group>";
		};
		88F207EA1E8D4FF400D1C151 /* Products */ = {
			isa = PBXGroup;
			children = (
				88F207E91E8D4FF400D1C151 /* StayingOnTrack.app */,
			);
			name = Products;
			sourceTree = "<group>";
		};
		88F207EB1E8D4FF400D1C151 /* StayingOnTrack */ = {
			isa = PBXGroup;
			children = (
				884F7D031EA7F9ED001DFE4C /* style.css */,
				884F7CE91EA7C7B6001DFE4C /* appicon.png */,
				88F208181E8D9D2900D1C151 /* html */,
				88F207FE1E8D502E00D1C151 /* Supporting Files */,
				88F207EE1E8D4FF400D1C151 /* ViewController.swift */,
				88F207F01E8D4FF400D1C151 /* Main.storyboard */,
				88F207F51E8D4FF400D1C151 /* LaunchScreen.storyboard */,
				88F207FF1E8D6E6500D1C151 /* FirstScreenTableViewController.swift */,
				884F7CE71EA7BC84001DFE4C /* FirstScreenViewController.swift */,
				88F208011E8D6F2A00D1C151 /* SecondScreenViewController.swift */,
				88F2081B1E8EC87200D1C151 /* ContactSearchViewController.swift */,
				88F2081D1E9297D800D1C151 /* ContactModel.swift */,
				88F2081F1E92CDC800D1C151 /* ContactInfoViewController.swift */,
				88A690511E9440850071ECBF /* SubDirModel.swift */,
				88A6906D1E9548A00071ECBF /* SecondScreenTableViewController.swift */,
			);
			path = StayingOnTrack;
			sourceTree = "<group>";
		};
		88F207FE1E8D502E00D1C151 /* Supporting Files */ = {
			isa = PBXGroup;
			children = (
				88F207EC1E8D4FF400D1C151 /* AppDelegate.swift */,
				88F207F31E8D4FF400D1C151 /* Assets.xcassets */,
				88F207F81E8D4FF400D1C151 /* Info.plist */,
			);
			name = "Supporting Files";
			sourceTree = "<group>";
		};
		88F208181E8D9D2900D1C151 /* html */ = {
			isa = PBXGroup;
			children = (
				884F7CFF1EA7ED6B001DFE4C /* car-seat-safety.html */,
				884F7CEB1EA7E0F2001DFE4C /* be_like.html */,
				884F7CEC1EA7E0F2001DFE4C /* first_day.html */,
				884F7CED1EA7E0F2001DFE4C /* help_child_ready.html */,
				884F7CEE1EA7E0F2001DFE4C /* Immunizations.html */,
				884F7CEF1EA7E0F2001DFE4C /* kinder_about.html */,
				884F7CF01EA7E0F2001DFE4C /* know_ready.html */,
				884F7CF11EA7E0F2001DFE4C /* now_next_yr.html */,
				884F7CF21EA7E0F2001DFE4C /* readiness.html */,
				884F7CF31EA7E0F2001DFE4C /* starting_K.html */,
				884F7CF41EA7E0F2001DFE4C /* support_education.html */,
				88A6906F1E9551F10071ECBF /* Child-Health-0-18.html */,
				88A690701E9551F10071ECBF /* Child-Health-3-5.html */,
				88A690711E9551F10071ECBF /* Child-Health-18-3.html */,
				88A690721E9551F10071ECBF /* Child-Safe-0-18.html */,
				88A690731E9551F10071ECBF /* Child-Safe-3-5.html */,
				88A690741E9551F10071ECBF /* Child-Safe-18-3.html */,
				88A690671E9540DA0071ECBF /* Growth-Learning-0-18.html */,
				88A690681E9540DA0071ECBF /* Growth-Learning-3-5.html */,
				88A690691E9540DA0071ECBF /* Growth-Learning-18-3.html */,
				88A690531E953FB30071ECBF /* 0-3.html */,
				88A690541E953FB30071ECBF /* 2-yr.html */,
				88A690551E953FB30071ECBF /* 3-6.html */,
				88A690561E953FB30071ECBF /* 3-yr.html */,
				88A690571E953FB30071ECBF /* 4-yr.html */,
				88A690581E953FB30071ECBF /* 5-yr.html */,
				88A690591E953FB30071ECBF /* 6-9.html */,
				88A6905A1E953FB30071ECBF /* 9-12.html */,
				88A6905B1E953FB30071ECBF /* 12-18.html */,
				88A6905C1E953FB30071ECBF /* disclaimer.html */,
				88F2080E1E8D8C5000D1C151 /* about.html */,
				88F2080F1E8D8C5000D1C151 /* credits.html */,
				88F208111E8D8C5000D1C151 /* Quality-Child-Care.html */,
				88F208121E8D8C5100D1C151 /* resources.html */,
			);
			name = html;
			sourceTree = "<group>";
		};
/* End PBXGroup section */

/* Begin PBXNativeTarget section */
		88F207E81E8D4FF400D1C151 /* StayingOnTrack */ = {
			isa = PBXNativeTarget;
			buildConfigurationList = 88F207FB1E8D4FF400D1C151 /* Build configuration list for PBXNativeTarget "StayingOnTrack" */;
			buildPhases = (
				88F207E51E8D4FF400D1C151 /* Sources */,
				88F207E61E8D4FF400D1C151 /* Frameworks */,
				88F207E71E8D4FF400D1C151 /* Resources */,
			);
			buildRules = (
			);
			dependencies = (
			);
			name = StayingOnTrack;
			productName = StayingOnTrack;
			productReference = 88F207E91E8D4FF400D1C151 /* StayingOnTrack.app */;
			productType = "com.apple.product-type.application";
		};
/* End PBXNativeTarget section */

/* Begin PBXProject section */
		88F207E11E8D4FF400D1C151 /* Project object */ = {
			isa = PBXProject;
			attributes = {
				LastSwiftUpdateCheck = 0820;
				LastUpgradeCheck = 0820;
				ORGANIZATIONNAME = "Nan Cai";
				TargetAttributes = {
					88F207E81E8D4FF400D1C151 = {
						CreatedOnToolsVersion = 8.2.1;
						DevelopmentTeam = LDTL48A298;
						ProvisioningStyle = Automatic;
					};
				};
			};
			buildConfigurationList = 88F207E41E8D4FF400D1C151 /* Build configuration list for PBXProject "StayingOnTrack" */;
			compatibilityVersion = "Xcode 3.2";
			developmentRegion = English;
			hasScannedForEncodings = 0;
			knownRegions = (
				en,
				Base,
			);
			mainGroup = 88F207E01E8D4FF400D1C151;
			productRefGroup = 88F207EA1E8D4FF400D1C151 /* Products */;
			projectDirPath = "";
			projectRoot = "";
			targets = (
				88F207E81E8D4FF400D1C151 /* StayingOnTrack */,
			);
		};
/* End PBXProject section */

/* Begin PBXResourcesBuildPhase section */
		88F207E71E8D4FF400D1C151 /* Resources */ = {
			isa = PBXResourcesBuildPhase;
			buildActionMask = 2147483647;
			files = (
				88A6906A1E9540DA0071ECBF /* Growth-Learning-0-18.html in Resources */,
				88A6905E1E953FB30071ECBF /* 2-yr.html in Resources */,
				88F208141E8D8C5100D1C151 /* credits.html in Resources */,
				884F7CFB1EA7E0F2001DFE4C /* now_next_yr.html in Resources */,
				88A690781E9551F10071ECBF /* Child-Safe-0-18.html in Resources */,
				88F208131E8D8C5100D1C151 /* about.html in Resources */,
				884F7CF81EA7E0F2001DFE4C /* Immunizations.html in Resources */,
				88A690651E953FB30071ECBF /* 12-18.html in Resources */,
				88A690631E953FB30071ECBF /* 6-9.html in Resources */,
				88A690771E9551F10071ECBF /* Child-Health-18-3.html in Resources */,
				884F7D041EA7F9ED001DFE4C /* style.css in Resources */,
				88A6907A1E9551F10071ECBF /* Child-Safe-18-3.html in Resources */,
				88A690641E953FB30071ECBF /* 9-12.html in Resources */,
				884F7CF91EA7E0F2001DFE4C /* kinder_about.html in Resources */,
				884F7CF51EA7E0F2001DFE4C /* be_like.html in Resources */,
				88A6905D1E953FB30071ECBF /* 0-3.html in Resources */,
				884F7CFA1EA7E0F2001DFE4C /* know_ready.html in Resources */,
				884F7D001EA7ED6B001DFE4C /* car-seat-safety.html in Resources */,
				884F7CFD1EA7E0F2001DFE4C /* starting_K.html in Resources */,
				88A690751E9551F10071ECBF /* Child-Health-0-18.html in Resources */,
				88A6906B1E9540DA0071ECBF /* Growth-Learning-3-5.html in Resources */,
				884F7CFC1EA7E0F2001DFE4C /* readiness.html in Resources */,
				884F7CF71EA7E0F2001DFE4C /* help_child_ready.html in Resources */,
				88A690761E9551F10071ECBF /* Child-Health-3-5.html in Resources */,
				88F207F71E8D4FF400D1C151 /* LaunchScreen.storyboard in Resources */,
				884F7CF61EA7E0F2001DFE4C /* first_day.html in Resources */,
				884F7CFE1EA7E0F2001DFE4C /* support_education.html in Resources */,
				88A690661E953FB30071ECBF /* disclaimer.html in Resources */,
				88A6905F1E953FB30071ECBF /* 3-6.html in Resources */,
				88A690621E953FB30071ECBF /* 5-yr.html in Resources */,
				88F208171E8D8C5100D1C151 /* resources.html in Resources */,
				884F7CEA1EA7C7B6001DFE4C /* appicon.png in Resources */,
				88A6906C1E9540DA0071ECBF /* Growth-Learning-18-3.html in Resources */,
				88F207F41E8D4FF400D1C151 /* Assets.xcassets in Resources */,
				88A690611E953FB30071ECBF /* 4-yr.html in Resources */,
				88A690791E9551F10071ECBF /* Child-Safe-3-5.html in Resources */,
				88F207F21E8D4FF400D1C151 /* Main.storyboard in Resources */,
				88F208161E8D8C5100D1C151 /* Quality-Child-Care.html in Resources */,
				88A690601E953FB30071ECBF /* 3-yr.html in Resources */,
			);
			runOnlyForDeploymentPostprocessing = 0;
		};
/* End PBXResourcesBuildPhase section */

/* Begin PBXSourcesBuildPhase section */
		88F207E51E8D4FF400D1C151 /* Sources */ = {
			isa = PBXSourcesBuildPhase;
			buildActionMask = 2147483647;
			files = (
				88A6906E1E9548A00071ECBF /* SecondScreenTableViewController.swift in Sources */,
				88F2081E1E9297D800D1C151 /* ContactModel.swift in Sources */,
				88F2081C1E8EC87200D1C151 /* ContactSearchViewController.swift in Sources */,
				88F208021E8D6F2A00D1C151 /* SecondScreenViewController.swift in Sources */,
				88F208201E92CDC800D1C151 /* ContactInfoViewController.swift in Sources */,
				88F207EF1E8D4FF400D1C151 /* ViewController.swift in Sources */,
				88F207ED1E8D4FF400D1C151 /* AppDelegate.swift in Sources */,
				88A690521E9440850071ECBF /* SubDirModel.swift in Sources */,
				88F208001E8D6E6500D1C151 /* FirstScreenTableViewController.swift in Sources */,
				884F7CE81EA7BC84001DFE4C /* FirstScreenViewController.swift in Sources */,
			);
			runOnlyForDeploymentPostprocessing = 0;
		};
/* End PBXSourcesBuildPhase section */

/* Begin PBXVariantGroup section */
		88F207F01E8D4FF400D1C151 /* Main.storyboard */ = {
			isa = PBXVariantGroup;
			children = (
				88F207F11E8D4FF400D1C151 /* Base */,
			);
			name = Main.storyboard;
			sourceTree = "<group>";
		};
		88F207F51E8D4FF400D1C151 /* LaunchScreen.storyboard */ = {
			isa = PBXVariantGroup;
			children = (
				88F207F61E8D4FF400D1C151 /* Base */,
			);
			name = LaunchScreen.storyboard;
			sourceTree = "<group>";
		};
/* End PBXVariantGroup section */

/* Begin XCBuildConfiguration section */
		88F207F91E8D4FF400D1C151 /* Debug */ = {
			isa = XCBuildConfiguration;
			buildSettings = {
				ALWAYS_SEARCH_USER_PATHS = NO;
				CLANG_ANALYZER_NONNULL = YES;
				CLANG_CXX_LANGUAGE_STANDARD = "gnu++0x";
				CLANG_CXX_LIBRARY = "libc++";
				CLANG_ENABLE_MODULES = YES;
				CLANG_ENABLE_OBJC_ARC = YES;
				CLANG_WARN_BOOL_CONVERSION = YES;
				CLANG_WARN_CONSTANT_CONVERSION = YES;
				CLANG_WARN_DIRECT_OBJC_ISA_USAGE = YES_ERROR;
				CLANG_WARN_DOCUMENTATION_COMMENTS = YES;
				CLANG_WARN_EMPTY_BODY = YES;
				CLANG_WARN_ENUM_CONVERSION = YES;
				CLANG_WARN_INFINITE_RECURSION = YES;
				CLANG_WARN_INT_CONVERSION = YES;
				CLANG_WARN_OBJC_ROOT_CLASS = YES_ERROR;
				CLANG_WARN_SUSPICIOUS_MOVE = YES;
				CLANG_WARN_UNREACHABLE_CODE = YES;
				CLANG_WARN__DUPLICATE_METHOD_MATCH = YES;
				"CODE_SIGN_IDENTITY[sdk=iphoneos*]" = "iPhone Developer";
				COPY_PHASE_STRIP = NO;
				DEBUG_INFORMATION_FORMAT = dwarf;
				ENABLE_STRICT_OBJC_MSGSEND = YES;
				ENABLE_TESTABILITY = YES;
				GCC_C_LANGUAGE_STANDARD = gnu99;
				GCC_DYNAMIC_NO_PIC = NO;
				GCC_NO_COMMON_BLOCKS = YES;
				GCC_OPTIMIZATION_LEVEL = 0;
				GCC_PREPROCESSOR_DEFINITIONS = (
					"DEBUG=1",
					"$(inherited)",
				);
				GCC_WARN_64_TO_32_BIT_CONVERSION = YES;
				GCC_WARN_ABOUT_RETURN_TYPE = YES_ERROR;
				GCC_WARN_UNDECLARED_SELECTOR = YES;
				GCC_WARN_UNINITIALIZED_AUTOS = YES_AGGRESSIVE;
				GCC_WARN_UNUSED_FUNCTION = YES;
				GCC_WARN_UNUSED_VARIABLE = YES;
				IPHONEOS_DEPLOYMENT_TARGET = 10.2;
				MTL_ENABLE_DEBUG_INFO = YES;
				ONLY_ACTIVE_ARCH = YES;
				SDKROOT = iphoneos;
				SWIFT_ACTIVE_COMPILATION_CONDITIONS = DEBUG;
				SWIFT_OPTIMIZATION_LEVEL = "-Onone";
				TARGETED_DEVICE_FAMILY = "1,2";
			};
			name = Debug;
		};
		88F207FA1E8D4FF400D1C151 /* Release */ = {
			isa = XCBuildConfiguration;
			buildSettings = {
				ALWAYS_SEARCH_USER_PATHS = NO;
				CLANG_ANALYZER_NONNULL = YES;
				CLANG_CXX_LANGUAGE_STANDARD = "gnu++0x";
				CLANG_CXX_LIBRARY = "libc++";
				CLANG_ENABLE_MODULES = YES;
				CLANG_ENABLE_OBJC_ARC = YES;
				CLANG_WARN_BOOL_CONVERSION = YES;
				CLANG_WARN_CONSTANT_CONVERSION = YES;
				CLANG_WARN_DIRECT_OBJC_ISA_USAGE = YES_ERROR;
				CLANG_WARN_DOCUMENTATION_COMMENTS = YES;
				CLANG_WARN_EMPTY_BODY = YES;
				CLANG_WARN_ENUM_CONVERSION = YES;
				CLANG_WARN_INFINITE_RECURSION = YES;
				CLANG_WARN_INT_CONVERSION = YES;
				CLANG_WARN_OBJC_ROOT_CLASS = YES_ERROR;
				CLANG_WARN_SUSPICIOUS_MOVE = YES;
				CLANG_WARN_UNREACHABLE_CODE = YES;
				CLANG_WARN__DUPLICATE_METHOD_MATCH = YES;
				"CODE_SIGN_IDENTITY[sdk=iphoneos*]" = "iPhone Developer";
				COPY_PHASE_STRIP = NO;
				DEBUG_INFORMATION_FORMAT = "dwarf-with-dsym";
				ENABLE_NS_ASSERTIONS = NO;
				ENABLE_STRICT_OBJC_MSGSEND = YES;
				GCC_C_LANGUAGE_STANDARD = gnu99;
				GCC_NO_COMMON_BLOCKS = YES;
				GCC_WARN_64_TO_32_BIT_CONVERSION = YES;
				GCC_WARN_ABOUT_RETURN_TYPE = YES_ERROR;
				GCC_WARN_UNDECLARED_SELECTOR = YES;
				GCC_WARN_UNINITIALIZED_AUTOS = YES_AGGRESSIVE;
				GCC_WARN_UNUSED_FUNCTION = YES;
				GCC_WARN_UNUSED_VARIABLE = YES;
				IPHONEOS_DEPLOYMENT_TARGET = 10.2;
				MTL_ENABLE_DEBUG_INFO = NO;
				SDKROOT = iphoneos;
				SWIFT_OPTIMIZATION_LEVEL = "-Owholemodule";
				TARGETED_DEVICE_FAMILY = "1,2";
				VALIDATE_PRODUCT = YES;
			};
			name = Release;
		};
		88F207FC1E8D4FF400D1C151 /* Debug */ = {
			isa = XCBuildConfiguration;
			buildSettings = {
				ASSETCATALOG_COMPILER_APPICON_NAME = AppIcon;
				CONFIGURATION_BUILD_DIR = "$(BUILD_DIR)/$(CONFIGURATION)$(EFFECTIVE_PLATFORM_NAME)\n";
				DEVELOPMENT_TEAM = LDTL48A298;
				INFOPLIST_FILE = StayingOnTrack/Info.plist;
				LD_RUNPATH_SEARCH_PATHS = "$(inherited) @executable_path/Frameworks";
				PRODUCT_BUNDLE_IDENTIFIER = com.unlsbsrc.StayingOnTrack;
				PRODUCT_NAME = "$(TARGET_NAME)";
				SWIFT_VERSION = 3.0;
			};
			name = Debug;
		};
		88F207FD1E8D4FF400D1C151 /* Release */ = {
			isa = XCBuildConfiguration;
			buildSettings = {
				ASSETCATALOG_COMPILER_APPICON_NAME = AppIcon;
				CONFIGURATION_BUILD_DIR = "$(BUILD_DIR)/$(CONFIGURATION)$(EFFECTIVE_PLATFORM_NAME)";
				DEVELOPMENT_TEAM = LDTL48A298;
				INFOPLIST_FILE = StayingOnTrack/Info.plist;
				LD_RUNPATH_SEARCH_PATHS = "$(inherited) @executable_path/Frameworks";
				PRODUCT_BUNDLE_IDENTIFIER = com.unlsbsrc.StayingOnTrack;
				PRODUCT_NAME = "$(TARGET_NAME)";
				SWIFT_VERSION = 3.0;
			};
			name = Release;
		};
/* End XCBuildConfiguration section */

/* Begin XCConfigurationList section */
		88F207E41E8D4FF400D1C151 /* Build configuration list for PBXProject "StayingOnTrack" */ = {
			isa = XCConfigurationList;
			buildConfigurations = (
				88F207F91E8D4FF400D1C151 /* Debug */,
				88F207FA1E8D4FF400D1C151 /* Release */,
			);
			defaultConfigurationIsVisible = 0;
			defaultConfigurationName = Release;
		};
		88F207FB1E8D4FF400D1C151 /* Build configuration list for PBXNativeTarget "StayingOnTrack" */ = {
			isa = XCConfigurationList;
			buildConfigurations = (
				88F207FC1E8D4FF400D1C151 /* Debug */,
				88F207FD1E8D4FF400D1C151 /* Release */,
			);
			defaultConfigurationIsVisible = 0;
			defaultConfigurationName = Release;
		};
/* End XCConfigurationList section */
	};
	rootObject = 88F207E11E8D4FF400D1C151 /* Project object */;
}
